// !$*UTF8*$!
{
	archiveVersion = 1;
	classes = {
	};
	objectVersion = 50;
	objects = {

/* Begin PBXBuildFile section */
		EF7F923A2226D72C00E6522D /* AppDelegate.swift in Sources */ = {isa = PBXBuildFile; fileRef = EF7F92392226D72C00E6522D /* AppDelegate.swift */; };
		EF7F923C2226D72C00E6522D /* IntroductionViewController.swift in Sources */ = {isa = PBXBuildFile; fileRef = EF7F923B2226D72C00E6522D /* IntroductionViewController.swift */; };
		EF7F923F2226D72C00E6522D /* Main.storyboard in Resources */ = {isa = PBXBuildFile; fileRef = EF7F923D2226D72C00E6522D /* Main.storyboard */; };
		EF7F92412226D72F00E6522D /* Assets.xcassets in Resources */ = {isa = PBXBuildFile; fileRef = EF7F92402226D72F00E6522D /* Assets.xcassets */; };
		EF7F92442226D72F00E6522D /* LaunchScreen.storyboard in Resources */ = {isa = PBXBuildFile; fileRef = EF7F92422226D72F00E6522D /* LaunchScreen.storyboard */; };
		EFC6853C222976DD00613F73 /* QuestionViewController.swift in Sources */ = {isa = PBXBuildFile; fileRef = EFC6853B222976DD00613F73 /* QuestionViewController.swift */; };
		EFC6853E2229772800613F73 /* ResultsViewController.swift in Sources */ = {isa = PBXBuildFile; fileRef = EFC6853D2229772800613F73 /* ResultsViewController.swift */; };
		EFCDFDF2222D725500E3B2F0 /* QuestionData.swift in Sources */ = {isa = PBXBuildFile; fileRef = EFCDFDF1222D725500E3B2F0 /* QuestionData.swift */; };
/* End PBXBuildFile section */

/* Begin PBXFileReference section */
		EF7F92362226D72C00E6522D /* personality quiz.app */ = {isa = PBXFileReference; explicitFileType = wrapper.application; includeInIndex = 0; path = "personality quiz.app"; sourceTree = BUILT_PRODUCTS_DIR; };
		EF7F92392226D72C00E6522D /* AppDelegate.swift */ = {isa = PBXFileReference; lastKnownFileType = sourcecode.swift; path = AppDelegate.swift; sourceTree = "<group>"; };
		EF7F923B2226D72C00E6522D /* IntroductionViewController.swift */ = {isa = PBXFileReference; lastKnownFileType = sourcecode.swift; path = IntroductionViewController.swift; sourceTree = "<group>"; };
		EF7F923E2226D72C00E6522D /* Base */ = {isa = PBXFileReference; lastKnownFileType = file.storyboard; name = Base; path = Base.lproj/Main.storyboard; sourceTree = "<group>"; };
		EF7F92402226D72F00E6522D /* Assets.xcassets */ = {isa = PBXFileReference; lastKnownFileType = folder.assetcatalog; path = Assets.xcassets; sourceTree = "<group>"; };
		EF7F92432226D72F00E6522D /* Base */ = {isa = PBXFileReference; lastKnownFileType = file.storyboard; name = Base; path = Base.lproj/LaunchScreen.storyboard; sourceTree = "<group>"; };
		EF7F92452226D72F00E6522D /* Info.plist */ = {isa = PBXFileReference; lastKnownFileType = text.plist.xml; path = Info.plist; sourceTree = "<group>"; };
		EFC6853B222976DD00613F73 /* QuestionViewController.swift */ = {isa = PBXFileReference; lastKnownFileType = sourcecode.swift; path = QuestionViewController.swift; sourceTree = "<group>"; };
		EFC6853D2229772800613F73 /* ResultsViewController.swift */ = {isa = PBXFileReference; lastKnownFileType = sourcecode.swift; path = ResultsViewController.swift; sourceTree = "<group>"; };
		EFCDFDF1222D725500E3B2F0 /* QuestionData.swift */ = {isa = PBXFileReference; lastKnownFileType = sourcecode.swift; path = QuestionData.swift; sourceTree = "<group>"; };
/* End PBXFileReference section */

/* Begin PBXFrameworksBuildPhase section */
		EF7F92332226D72C00E6522D /* Frameworks */ = {
			isa = PBXFrameworksBuildPhase;
			buildActionMask = 2147483647;
			files = (
			);
			runOnlyForDeploymentPostprocessing = 0;
		};
/* End PBXFrameworksBuildPhase section */

/* Begin PBXGroup section */
		EF7F922D2226D72C00E6522D = {
			isa = PBXGroup;
			children = (
				EF7F92382226D72C00E6522D /* personality quiz */,
				EF7F92372226D72C00E6522D /* Products */,
			);
			sourceTree = "<group>";
		};
		EF7F92372226D72C00E6522D /* Products */ = {
			isa = PBXGroup;
			children = (
				EF7F92362226D72C00E6522D /* personality quiz.app */,
			);
			name = Products;
			sourceTree = "<group>";
		};
		EF7F92382226D72C00E6522D /* personality quiz */ = {
			isa = PBXGroup;
			children = (
				EF7F92392226D72C00E6522D /* AppDelegate.swift */,
				EF7F923D2226D72C00E6522D /* Main.storyboard */,
				EF7F923B2226D72C00E6522D /* IntroductionViewController.swift */,
				EFC6853B222976DD00613F73 /* QuestionViewController.swift */,
				EFCDFDF1222D725500E3B2F0 /* QuestionData.swift */,
				EFC6853D2229772800613F73 /* ResultsViewController.swift */,
				EF7F92402226D72F00E6522D /* Assets.xcassets */,
				EF7F92422226D72F00E6522D /* LaunchScreen.storyboard */,
				EF7F92452226D72F00E6522D /* Info.plist */,
			);
			path = "personality quiz";
			sourceTree = "<group>";
		};
/* End PBXGroup section */

/* Begin PBXNativeTarget section */
		EF7F92352226D72C00E6522D /* personality quiz */ = {
			isa = PBXNativeTarget;
			buildConfigurationList = EF7F92482226D72F00E6522D /* Build configuration list for PBXNativeTarget "personality quiz" */;
			buildPhases = (
				EF7F92322226D72C00E6522D /* Sources */,
				EF7F92332226D72C00E6522D /* Frameworks */,
				EF7F92342226D72C00E6522D /* Resources */,
			);
			buildRules = (
			);
			dependencies = (
			);
			name = "personality quiz";
			productName = "personality quiz";
			productReference = EF7F92362226D72C00E6522D /* personality quiz.app */;
			productType = "com.apple.product-type.application";
		};
/* End PBXNativeTarget section */

/* Begin PBXProject section */
		EF7F922E2226D72C00E6522D /* Project object */ = {
			isa = PBXProject;
			attributes = {
				LastSwiftUpdateCheck = 1010;
				LastUpgradeCheck = 1010;
				ORGANIZATIONNAME = "Christopher B. Rodriguez";
				TargetAttributes = {
					EF7F92352226D72C00E6522D = {
						CreatedOnToolsVersion = 10.1;
					};
				};
			};
			buildConfigurationList = EF7F92312226D72C00E6522D /* Build configuration list for PBXProject "personality quiz" */;
			compatibilityVersion = "Xcode 9.3";
			developmentRegion = en;
			hasScannedForEncodings = 0;
			knownRegions = (
				en,
				Base,
			);
			mainGroup = EF7F922D2226D72C00E6522D;
			productRefGroup = EF7F92372226D72C00E6522D /* Products */;
			projectDirPath = "";
			projectRoot = "";
			targets = (
				EF7F92352226D72C00E6522D /* personality quiz */,
			);
		};
/* End PBXProject section */

/* Begin PBXResourcesBuildPhase section */
		EF7F92342226D72C00E6522D /* Resources */ = {
			isa = PBXResourcesBuildPhase;
			buildActionMask = 2147483647;
			files = (
				EF7F92442226D72F00E6522D /* LaunchScreen.storyboard in Resources */,
				EF7F92412226D72F00E6522D /* Assets.xcassets in Resources */,
				EF7F923F2226D72C00E6522D /* Main.storyboard in Resources */,
			);
			runOnlyForDeploymentPostprocessing = 0;
		};
/* End PBXResourcesBuildPhase section */

/* Begin PBXSourcesBuildPhase section */
		EF7F92322226D72C00E6522D /* Sources */ = {
			isa = PBXSourcesBuildPhase;
			buildActionMask = 2147483647;
			files = (
				EF7F923C2226D72C00E6522D /* IntroductionViewController.swift in Sources */,
				EF7F923A2226D72C00E6522D /* AppDelegate.swift in Sources */,
				EFCDFDF2222D725500E3B2F0 /* QuestionData.swift in Sources */,
				EFC6853C222976DD00613F73 /* QuestionViewController.swift in Sources */,
				EFC6853E2229772800613F73 /* ResultsViewController.swift in Sources */,
			);
			runOnlyForDeploymentPostprocessing = 0;
		};
/* End PBXSourcesBuildPhase section */

/* Begin PBXVariantGroup section */
		EF7F923D2226D72C00E6522D /* Main.storyboard */ = {
			isa = PBXVariantGroup;
			children = (
				EF7F923E2226D72C00E6522D /* Base */,
			);
			name = Main.storyboard;
			sourceTree = "<group>";
		};
		EF7F92422226D72F00E6522D /* LaunchScreen.storyboard */ = {
			isa = PBXVariantGroup;
			children = (
				EF7F92432226D72F00E6522D /* Base */,
			);
			name = LaunchScreen.storyboard;
			sourceTree = "<group>";
		};
/* End PBXVariantGroup section */

/* Begin XCBuildConfiguration section */
		EF7F92462226D72F00E6522D /* Debug */ = {
			isa = XCBuildConfiguration;
			buildSettings = {
				ALWAYS_SEARCH_USER_PATHS = NO;
				CLANG_ANALYZER_NONNULL = YES;
				CLANG_ANALYZER_NUMBER_OBJECT_CONVERSION = YES_AGGRESSIVE;
				CLANG_CXX_LANGUAGE_STANDARD = "gnu++14";
				CLANG_CXX_LIBRARY = "libc++";
				CLANG_ENABLE_MODULES = YES;
				CLANG_ENABLE_OBJC_ARC = YES;
				CLANG_ENABLE_OBJC_WEAK = YES;
				CLANG_WARN_BLOCK_CAPTURE_AUTORELEASING = YES;
				CLANG_WARN_BOOL_CONVERSION = YES;
				CLANG_WARN_COMMA = YES;
				CLANG_WARN_CONSTANT_CONVERSION = YES;
				CLANG_WARN_DEPRECATED_OBJC_IMPLEMENTATIONS = YES;
				CLANG_WARN_DIRECT_OBJC_ISA_USAGE = YES_ERROR;
				CLANG_WARN_DOCUMENTATION_COMMENTS = YES;
				CLANG_WARN_EMPTY_BODY = YES;
				CLANG_WARN_ENUM_CONVERSION = YES;
				CLANG_WARN_INFINITE_RECURSION = YES;
				CLANG_WARN_INT_CONVERSION = YES;
				CLANG_WARN_NON_LITERAL_NULL_CONVERSION = YES;
				CLANG_WARN_OBJC_IMPLICIT_RETAIN_SELF = YES;
				CLANG_WARN_OBJC_LITERAL_CONVERSION = YES;
				CLANG_WARN_OBJC_ROOT_CLASS = YES_ERROR;
				CLANG_WARN_RANGE_LOOP_ANALYSIS = YES;
				CLANG_WARN_STRICT_PROTOTYPES = YES;
				CLANG_WARN_SUSPICIOUS_MOVE = YES;
				CLANG_WARN_UNGUARDED_AVAILABILITY = YES_AGGRESSIVE;
				CLANG_WARN_UNREACHABLE_CODE = YES;
				CLANG_WARN__DUPLICATE_METHOD_MATCH = YES;
				CODE_SIGN_IDENTITY = "iPhone Developer";
				COPY_PHASE_STRIP = NO;
				DEBUG_INFORMATION_FORMAT = dwarf;
				ENABLE_STRICT_OBJC_MSGSEND = YES;
				ENABLE_TESTABILITY = YES;
				GCC_C_LANGUAGE_STANDARD = gnu11;
				GCC_DYNAMIC_NO_PIC = NO;
				GCC_NO_COMMON_BLOCKS = YES;
				GCC_OPTIMIZATION_LEVEL = 0;
				GCC_PREPROCESSOR_DEFINITIONS = (
					"DEBUG=1",
					"$(inherited)",
				);
				GCC_WARN_64_TO_32_BIT_CONVERSION = YES;
				GCC_WARN_ABOUT_RETURN_TYPE = YES_ERROR;
				GCC_WARN_UNDECLARED_SELECTOR = YES;
				GCC_WARN_UNINITIALIZED_AUTOS = YES_AGGRESSIVE;
				GCC_WARN_UNUSED_FUNCTION = YES;
				GCC_WARN_UNUSED_VARIABLE = YES;
				IPHONEOS_DEPLOYMENT_TARGET = 12.1;
				MTL_ENABLE_DEBUG_INFO = INCLUDE_SOURCE;
				MTL_FAST_MATH = YES;
				ONLY_ACTIVE_ARCH = YES;
				SDKROOT = iphoneos;
				SWIFT_ACTIVE_COMPILATION_CONDITIONS = DEBUG;
				SWIFT_OPTIMIZATION_LEVEL = "-Onone";
			};
			name = Debug;
		};
		EF7F92472226D72F00E6522D /* Release */ = {
			isa = XCBuildConfiguration;
			buildSettings = {
				ALWAYS_SEARCH_USER_PATHS = NO;
				CLANG_ANALYZER_NONNULL = YES;
				CLANG_ANALYZER_NUMBER_OBJECT_CONVERSION = YES_AGGRESSIVE;
				CLANG_CXX_LANGUAGE_STANDARD = "gnu++14";
				CLANG_CXX_LIBRARY = "libc++";
				CLANG_ENABLE_MODULES = YES;
				CLANG_ENABLE_OBJC_ARC = YES;
				CLANG_ENABLE_OBJC_WEAK = YES;
				CLANG_WARN_BLOCK_CAPTURE_AUTORELEASING = YES;
				CLANG_WARN_BOOL_CONVERSION = YES;
				CLANG_WARN_COMMA = YES;
				CLANG_WARN_CONSTANT_CONVERSION = YES;
				CLANG_WARN_DEPRECATED_OBJC_IMPLEMENTATIONS = YES;
				CLANG_WARN_DIRECT_OBJC_ISA_USAGE = YES_ERROR;
				CLANG_WARN_DOCUMENTATION_COMMENTS = YES;
				CLANG_WARN_EMPTY_BODY = YES;
				CLANG_WARN_ENUM_CONVERSION = YES;
				CLANG_WARN_INFINITE_RECURSION = YES;
				CLANG_WARN_INT_CONVERSION = YES;
				CLANG_WARN_NON_LITERAL_NULL_CONVERSION = YES;
				CLANG_WARN_OBJC_IMPLICIT_RETAIN_SELF = YES;
				CLANG_WARN_OBJC_LITERAL_CONVERSION = YES;
				CLANG_WARN_OBJC_ROOT_CLASS = YES_ERROR;
				CLANG_WARN_RANGE_LOOP_ANALYSIS = YES;
				CLANG_WARN_STRICT_PROTOTYPES = YES;
				CLANG_WARN_SUSPICIOUS_MOVE = YES;
				CLANG_WARN_UNGUARDED_AVAILABILITY = YES_AGGRESSIVE;
				CLANG_WARN_UNREACHABLE_CODE = YES;
				CLANG_WARN__DUPLICATE_METHOD_MATCH = YES;
				CODE_SIGN_IDENTITY = "iPhone Developer";
				COPY_PHASE_STRIP = NO;
				DEBUG_INFORMATION_FORMAT = "dwarf-with-dsym";
				ENABLE_NS_ASSERTIONS = NO;
				ENABLE_STRICT_OBJC_MSGSEND = YES;
				GCC_C_LANGUAGE_STANDARD = gnu11;
				GCC_NO_COMMON_BLOCKS = YES;
				GCC_WARN_64_TO_32_BIT_CONVERSION = YES;
				GCC_WARN_ABOUT_RETURN_TYPE = YES_ERROR;
				GCC_WARN_UNDECLARED_SELECTOR = YES;
				GCC_WARN_UNINITIALIZED_AUTOS = YES_AGGRESSIVE;
				GCC_WARN_UNUSED_FUNCTION = YES;
				GCC_WARN_UNUSED_VARIABLE = YES;
				IPHONEOS_DEPLOYMENT_TARGET = 12.1;
				MTL_ENABLE_DEBUG_INFO = NO;
				MTL_FAST_MATH = YES;
				SDKROOT = iphoneos;
				SWIFT_COMPILATION_MODE = wholemodule;
				SWIFT_OPTIMIZATION_LEVEL = "-O";
				VALIDATE_PRODUCT = YES;
			};
			name = Release;
		};
		EF7F92492226D72F00E6522D /* Debug */ = {
			isa = XCBuildConfiguration;
			buildSettings = {
				ASSETCATALOG_COMPILER_APPICON_NAME = AppIcon;
				CODE_SIGN_STYLE = Automatic;
				DEVELOPMENT_TEAM = QM99ZVTC4H;
				INFOPLIST_FILE = "personality quiz/Info.plist";
				LD_RUNPATH_SEARCH_PATHS = (
					"$(inherited)",
					"@executable_path/Frameworks",
				);
				PRODUCT_BUNDLE_IDENTIFIER = "org.d214.bghs-TLW-CR.personality-quiz";
				PRODUCT_NAME = "$(TARGET_NAME)";
				SWIFT_VERSION = 4.2;
				TARGETED_DEVICE_FAMILY = "1,2";
			};
			name = Debug;
		};
		EF7F924A2226D72F00E6522D /* Release */ = {
			isa = XCBuildConfiguration;
			buildSettings = {
				ASSETCATALOG_COMPILER_APPICON_NAME = AppIcon;
				CODE_SIGN_STYLE = Automatic;
				DEVELOPMENT_TEAM = QM99ZVTC4H;
				INFOPLIST_FILE = "personality quiz/Info.plist";
				LD_RUNPATH_SEARCH_PATHS = (
					"$(inherited)",
					"@executable_path/Frameworks",
				);
				PRODUCT_BUNDLE_IDENTIFIER = "org.d214.bghs-TLW-CR.personality-quiz";
				PRODUCT_NAME = "$(TARGET_NAME)";
				SWIFT_VERSION = 4.2;
				TARGETED_DEVICE_FAMILY = "1,2";
			};
			name = Release;
		};
/* End XCBuildConfiguration section */

/* Begin XCConfigurationList section */
		EF7F92312226D72C00E6522D /* Build configuration list for PBXProject "personality quiz" */ = {
			isa = XCConfigurationList;
			buildConfigurations = (
				EF7F92462226D72F00E6522D /* Debug */,
				EF7F92472226D72F00E6522D /* Release */,
			);
			defaultConfigurationIsVisible = 0;
			defaultConfigurationName = Release;
		};
		EF7F92482226D72F00E6522D /* Build configuration list for PBXNativeTarget "personality quiz" */ = {
			isa = XCConfigurationList;
			buildConfigurations = (
				EF7F92492226D72F00E6522D /* Debug */,
				EF7F924A2226D72F00E6522D /* Release */,
			);
			defaultConfigurationIsVisible = 0;
			defaultConfigurationName = Release;
		};
/* End XCConfigurationList section */
	};
	rootObject = EF7F922E2226D72C00E6522D /* Project object */;
}
